
Microsoft Visual Studio Solution File, Format Version 12.00
# Visual Studio Version 17
VisualStudioVersion = 17.5.33502.453
MinimumVisualStudioVersion = 10.0.40219.1
Project("{FAE04EC0-301F-11D3-BF4B-00C04F79EFBC}") = "Lr1", "Lr1\Lr1.csproj", "{174BA367-7063-4AEA-9C97-E4777EB8814D}"
EndProject
Global
	GlobalSection(SolutionConfigurationPlatforms) = preSolution
		Debug|Any CPU = Debug|Any CPU
		Release|Any CPU = Release|Any CPU
	EndGlobalSection
	GlobalSection(ProjectConfigurationPlatforms) = postSolution
		{174BA367-7063-4AEA-9C97-E4777EB8814D}.Debug|Any CPU.ActiveCfg = Debug|Any CPU
		{174BA367-7063-4AEA-9C97-E4777EB8814D}.Debug|Any CPU.Build.0 = Debug|Any CPU
		{174BA367-7063-4AEA-9C97-E4777EB8814D}.Release|Any CPU.ActiveCfg = Release|Any CPU
		{174BA367-7063-4AEA-9C97-E4777EB8814D}.Release|Any CPU.Build.0 = Release|Any CPU
	EndGlobalSection
	GlobalSection(SolutionProperties) = preSolution
		HideSolutionNode = FALSE
	EndGlobalSection
	GlobalSection(ExtensibilityGlobals) = postSolution
		SolutionGuid = {7154AA70-CDEF-4FB6-9600-C57E769C47FE}
	EndGlobalSection
EndGlobal
